
Microsoft Visual Studio Solution File, Format Version 12.00
# Visual Studio Version 16
VisualStudioVersion = 16.0.32228.343
MinimumVisualStudioVersion = 10.0.40219.1
Project("{FAE04EC0-301F-11D3-BF4B-00C04F79EFBC}") = "MicroWorld", "MicroWorld.csproj", "{D5270995-8F09-4680-B54B-8BA42F8103DD}"
EndProject
Global
	GlobalSection(SolutionConfigurationPlatforms) = preSolution
		Debug|Any CPU = Debug|Any CPU
		Release|Any CPU = Release|Any CPU
	EndGlobalSection
	GlobalSection(ProjectConfigurationPlatforms) = postSolution
		{D5270995-8F09-4680-B54B-8BA42F8103DD}.Debug|Any CPU.ActiveCfg = Debug|Any CPU
		{D5270995-8F09-4680-B54B-8BA42F8103DD}.Debug|Any CPU.Build.0 = Debug|Any CPU
		{D5270995-8F09-4680-B54B-8BA42F8103DD}.Release|Any CPU.ActiveCfg = Release|Any CPU
		{D5270995-8F09-4680-B54B-8BA42F8103DD}.Release|Any CPU.Build.0 = Release|Any CPU
	EndGlobalSection
	GlobalSection(SolutionProperties) = preSolution
		HideSolutionNode = FALSE
	EndGlobalSection
	GlobalSection(ExtensibilityGlobals) = postSolution
		SolutionGuid = {360FCB62-3F1A-4BF7-A6C4-56662B025E99}
	EndGlobalSection
EndGlobal
